
Microsoft Visual Studio Solution File, Format Version 12.00
# Visual Studio 15
VisualStudioVersion = 15.0.27703.2000
MinimumVisualStudioVersion = 10.0.40219.1
Project("{FAE04EC0-301F-11D3-BF4B-00C04F79EFBC}") = "LibraryForICN", "LibraryForICN\LibraryForICN.csproj", "{DDF9C5E9-3C60-46A1-89DC-B369C5C07053}"
EndProject
Project("{FAE04EC0-301F-11D3-BF4B-00C04F79EFBC}") = "LibraryForICNTests", "LibraryForICNTests\LibraryForICNTests.csproj", "{BA67678D-3EC5-4E0B-B0B6-86BD2B826177}"
EndProject
Project("{FAE04EC0-301F-11D3-BF4B-00C04F79EFBC}") = "WCFServiceForAdress", "WCFServiceForAdress\WCFServiceForAdress.csproj", "{DBB44ABB-7DFB-44DD-A8CD-BE1CC37F09DC}"
EndProject
Global
	GlobalSection(SolutionConfigurationPlatforms) = preSolution
		Debug|Any CPU = Debug|Any CPU
		Release|Any CPU = Release|Any CPU
	EndGlobalSection
	GlobalSection(ProjectConfigurationPlatforms) = postSolution
		{DDF9C5E9-3C60-46A1-89DC-B369C5C07053}.Debug|Any CPU.ActiveCfg = Debug|Any CPU
		{DDF9C5E9-3C60-46A1-89DC-B369C5C07053}.Debug|Any CPU.Build.0 = Debug|Any CPU
		{DDF9C5E9-3C60-46A1-89DC-B369C5C07053}.Release|Any CPU.ActiveCfg = Release|Any CPU
		{DDF9C5E9-3C60-46A1-89DC-B369C5C07053}.Release|Any CPU.Build.0 = Release|Any CPU
		{BA67678D-3EC5-4E0B-B0B6-86BD2B826177}.Debug|Any CPU.ActiveCfg = Debug|Any CPU
		{BA67678D-3EC5-4E0B-B0B6-86BD2B826177}.Debug|Any CPU.Build.0 = Debug|Any CPU
		{BA67678D-3EC5-4E0B-B0B6-86BD2B826177}.Release|Any CPU.ActiveCfg = Release|Any CPU
		{BA67678D-3EC5-4E0B-B0B6-86BD2B826177}.Release|Any CPU.Build.0 = Release|Any CPU
		{DBB44ABB-7DFB-44DD-A8CD-BE1CC37F09DC}.Debug|Any CPU.ActiveCfg = Debug|Any CPU
		{DBB44ABB-7DFB-44DD-A8CD-BE1CC37F09DC}.Debug|Any CPU.Build.0 = Debug|Any CPU
		{DBB44ABB-7DFB-44DD-A8CD-BE1CC37F09DC}.Release|Any CPU.ActiveCfg = Release|Any CPU
		{DBB44ABB-7DFB-44DD-A8CD-BE1CC37F09DC}.Release|Any CPU.Build.0 = Release|Any CPU
	EndGlobalSection
	GlobalSection(SolutionProperties) = preSolution
		HideSolutionNode = FALSE
	EndGlobalSection
	GlobalSection(ExtensibilityGlobals) = postSolution
		SolutionGuid = {D0799704-CA24-4A06-B3C8-2556C533587A}
	EndGlobalSection
EndGlobal
